
Microsoft Visual Studio Solution File, Format Version 12.00
# Visual Studio Version 16
VisualStudioVersion = 16.0.31129.286
MinimumVisualStudioVersion = 10.0.40219.1
Project("{FAE04EC0-301F-11D3-BF4B-00C04F79EFBC}") = "PVcase", "PVcase\PVcase.csproj", "{A00E1724-66AB-4EE2-AD2C-A2A7CA474EB7}"
EndProject
Project("{FAE04EC0-301F-11D3-BF4B-00C04F79EFBC}") = "UnitTests", "UnitTests\UnitTests.csproj", "{EE6B4C4F-B222-4AE1-AD08-F35582F5AB71}"
EndProject
Global
	GlobalSection(SolutionConfigurationPlatforms) = preSolution
		Debug|Any CPU = Debug|Any CPU
		Release|Any CPU = Release|Any CPU
	EndGlobalSection
	GlobalSection(ProjectConfigurationPlatforms) = postSolution
		{A00E1724-66AB-4EE2-AD2C-A2A7CA474EB7}.Debug|Any CPU.ActiveCfg = Debug|Any CPU
		{A00E1724-66AB-4EE2-AD2C-A2A7CA474EB7}.Debug|Any CPU.Build.0 = Debug|Any CPU
		{A00E1724-66AB-4EE2-AD2C-A2A7CA474EB7}.Release|Any CPU.ActiveCfg = Release|Any CPU
		{A00E1724-66AB-4EE2-AD2C-A2A7CA474EB7}.Release|Any CPU.Build.0 = Release|Any CPU
		{EE6B4C4F-B222-4AE1-AD08-F35582F5AB71}.Debug|Any CPU.ActiveCfg = Debug|Any CPU
		{EE6B4C4F-B222-4AE1-AD08-F35582F5AB71}.Debug|Any CPU.Build.0 = Debug|Any CPU
		{EE6B4C4F-B222-4AE1-AD08-F35582F5AB71}.Release|Any CPU.ActiveCfg = Release|Any CPU
		{EE6B4C4F-B222-4AE1-AD08-F35582F5AB71}.Release|Any CPU.Build.0 = Release|Any CPU
	EndGlobalSection
	GlobalSection(SolutionProperties) = preSolution
		HideSolutionNode = FALSE
	EndGlobalSection
	GlobalSection(ExtensibilityGlobals) = postSolution
		SolutionGuid = {4F2FFDD3-B6E9-4947-B2F1-79C4D29938E9}
	EndGlobalSection
EndGlobal
